
Microsoft Visual Studio Solution File, Format Version 12.00
# Visual Studio 15
VisualStudioVersion = 15.0.28010.2026
MinimumVisualStudioVersion = 10.0.40219.1
Project("{FAE04EC0-301F-11D3-BF4B-00C04F79EFBC}") = "WpfDelegates", "WpfDelegates\WpfDelegates.csproj", "{335A5128-A335-49DB-B69E-542EB7FF7E44}"
EndProject
Project("{FAE04EC0-301F-11D3-BF4B-00C04F79EFBC}") = "Delegates_EventsLib", "Delegates_EventsLib\Delegates_EventsLib.csproj", "{FBCE3594-97D1-487E-9AE7-6CC0CB40618C}"
EndProject
Global
	GlobalSection(SolutionConfigurationPlatforms) = preSolution
		Debug|Any CPU = Debug|Any CPU
		Release|Any CPU = Release|Any CPU
	EndGlobalSection
	GlobalSection(ProjectConfigurationPlatforms) = postSolution
		{335A5128-A335-49DB-B69E-542EB7FF7E44}.Debug|Any CPU.ActiveCfg = Debug|Any CPU
		{335A5128-A335-49DB-B69E-542EB7FF7E44}.Debug|Any CPU.Build.0 = Debug|Any CPU
		{335A5128-A335-49DB-B69E-542EB7FF7E44}.Release|Any CPU.ActiveCfg = Release|Any CPU
		{335A5128-A335-49DB-B69E-542EB7FF7E44}.Release|Any CPU.Build.0 = Release|Any CPU
		{FBCE3594-97D1-487E-9AE7-6CC0CB40618C}.Debug|Any CPU.ActiveCfg = Debug|Any CPU
		{FBCE3594-97D1-487E-9AE7-6CC0CB40618C}.Debug|Any CPU.Build.0 = Debug|Any CPU
		{FBCE3594-97D1-487E-9AE7-6CC0CB40618C}.Release|Any CPU.ActiveCfg = Release|Any CPU
		{FBCE3594-97D1-487E-9AE7-6CC0CB40618C}.Release|Any CPU.Build.0 = Release|Any CPU
	EndGlobalSection
	GlobalSection(SolutionProperties) = preSolution
		HideSolutionNode = FALSE
	EndGlobalSection
	GlobalSection(ExtensibilityGlobals) = postSolution
		SolutionGuid = {2FDF346E-4BCA-471D-9721-DAFAAC7B673D}
	EndGlobalSection
EndGlobal
